// !$*UTF8*$!
{
	archiveVersion = 1;
	classes = {
	};
	objectVersion = 56;
	objects = {

/* Begin PBXBuildFile section */
		D63E6CFE2A33FDEF00CF201F /* LayoutPracticeAppApp.swift in Sources */ = {isa = PBXBuildFile; fileRef = D63E6CFD2A33FDEF00CF201F /* LayoutPracticeAppApp.swift */; };
		D63E6D002A33FDEF00CF201F /* ContentView.swift in Sources */ = {isa = PBXBuildFile; fileRef = D63E6CFF2A33FDEF00CF201F /* ContentView.swift */; };
		D63E6D022A33FDF000CF201F /* Assets.xcassets in Resources */ = {isa = PBXBuildFile; fileRef = D63E6D012A33FDF000CF201F /* Assets.xcassets */; };
		D63E6D052A33FDF000CF201F /* Preview Assets.xcassets in Resources */ = {isa = PBXBuildFile; fileRef = D63E6D042A33FDF000CF201F /* Preview Assets.xcassets */; };
		D63E6D0F2A33FDF000CF201F /* LayoutPracticeAppTests.swift in Sources */ = {isa = PBXBuildFile; fileRef = D63E6D0E2A33FDF000CF201F /* LayoutPracticeAppTests.swift */; };
		D63E6D192A33FDF000CF201F /* LayoutPracticeAppUITests.swift in Sources */ = {isa = PBXBuildFile; fileRef = D63E6D182A33FDF000CF201F /* LayoutPracticeAppUITests.swift */; };
		D63E6D1B2A33FDF000CF201F /* LayoutPracticeAppUITestsLaunchTests.swift in Sources */ = {isa = PBXBuildFile; fileRef = D63E6D1A2A33FDF000CF201F /* LayoutPracticeAppUITestsLaunchTests.swift */; };
		D63E6D282A34064F00CF201F /* ScreenNames.swift in Sources */ = {isa = PBXBuildFile; fileRef = D63E6D272A34064F00CF201F /* ScreenNames.swift */; };
		D63E6D2A2A34077C00CF201F /* HomeView.swift in Sources */ = {isa = PBXBuildFile; fileRef = D63E6D292A34077C00CF201F /* HomeView.swift */; };
		D63E6D2E2A3407C100CF201F /* PreparationView.swift in Sources */ = {isa = PBXBuildFile; fileRef = D63E6D2D2A3407C100CF201F /* PreparationView.swift */; };
		D63E6D302A3407D500CF201F /* QuestionView.swift in Sources */ = {isa = PBXBuildFile; fileRef = D63E6D2F2A3407D500CF201F /* QuestionView.swift */; };
		D63E6D322A3407E300CF201F /* EndView.swift in Sources */ = {isa = PBXBuildFile; fileRef = D63E6D312A3407E300CF201F /* EndView.swift */; };
		D63E6D372A3421AF00CF201F /* QuestionViewModel.swift in Sources */ = {isa = PBXBuildFile; fileRef = D63E6D362A3421AF00CF201F /* QuestionViewModel.swift */; };
		D63E6D392A343E8A00CF201F /* CustomModifiers.swift in Sources */ = {isa = PBXBuildFile; fileRef = D63E6D382A343E8A00CF201F /* CustomModifiers.swift */; };
		D63E6D3F2A374A0500CF201F /* Global.swift in Sources */ = {isa = PBXBuildFile; fileRef = D63E6D3E2A374A0500CF201F /* Global.swift */; };
/* End PBXBuildFile section */

/* Begin PBXContainerItemProxy section */
		D63E6D0B2A33FDF000CF201F /* PBXContainerItemProxy */ = {
			isa = PBXContainerItemProxy;
			containerPortal = D63E6CF22A33FDEF00CF201F /* Project object */;
			proxyType = 1;
			remoteGlobalIDString = D63E6CF92A33FDEF00CF201F;
			remoteInfo = LayoutPracticeApp;
		};
		D63E6D152A33FDF000CF201F /* PBXContainerItemProxy */ = {
			isa = PBXContainerItemProxy;
			containerPortal = D63E6CF22A33FDEF00CF201F /* Project object */;
			proxyType = 1;
			remoteGlobalIDString = D63E6CF92A33FDEF00CF201F;
			remoteInfo = LayoutPracticeApp;
		};
/* End PBXContainerItemProxy section */

/* Begin PBXFileReference section */
		D63E6CFA2A33FDEF00CF201F /* LayoutPracticeApp.app */ = {isa = PBXFileReference; explicitFileType = wrapper.application; includeInIndex = 0; path = LayoutPracticeApp.app; sourceTree = BUILT_PRODUCTS_DIR; };
		D63E6CFD2A33FDEF00CF201F /* LayoutPracticeAppApp.swift */ = {isa = PBXFileReference; lastKnownFileType = sourcecode.swift; path = LayoutPracticeAppApp.swift; sourceTree = "<group>"; };
		D63E6CFF2A33FDEF00CF201F /* ContentView.swift */ = {isa = PBXFileReference; lastKnownFileType = sourcecode.swift; path = ContentView.swift; sourceTree = "<group>"; };
		D63E6D012A33FDF000CF201F /* Assets.xcassets */ = {isa = PBXFileReference; lastKnownFileType = folder.assetcatalog; path = Assets.xcassets; sourceTree = "<group>"; };
		D63E6D042A33FDF000CF201F /* Preview Assets.xcassets */ = {isa = PBXFileReference; lastKnownFileType = folder.assetcatalog; path = "Preview Assets.xcassets"; sourceTree = "<group>"; };
		D63E6D0A2A33FDF000CF201F /* LayoutPracticeAppTests.xctest */ = {isa = PBXFileReference; explicitFileType = wrapper.cfbundle; includeInIndex = 0; path = LayoutPracticeAppTests.xctest; sourceTree = BUILT_PRODUCTS_DIR; };
		D63E6D0E2A33FDF000CF201F /* LayoutPracticeAppTests.swift */ = {isa = PBXFileReference; lastKnownFileType = sourcecode.swift; path = LayoutPracticeAppTests.swift; sourceTree = "<group>"; };
		D63E6D142A33FDF000CF201F /* LayoutPracticeAppUITests.xctest */ = {isa = PBXFileReference; explicitFileType = wrapper.cfbundle; includeInIndex = 0; path = LayoutPracticeAppUITests.xctest; sourceTree = BUILT_PRODUCTS_DIR; };
		D63E6D182A33FDF000CF201F /* LayoutPracticeAppUITests.swift */ = {isa = PBXFileReference; lastKnownFileType = sourcecode.swift; path = LayoutPracticeAppUITests.swift; sourceTree = "<group>"; };
		D63E6D1A2A33FDF000CF201F /* LayoutPracticeAppUITestsLaunchTests.swift */ = {isa = PBXFileReference; lastKnownFileType = sourcecode.swift; path = LayoutPracticeAppUITestsLaunchTests.swift; sourceTree = "<group>"; };
		D63E6D272A34064F00CF201F /* ScreenNames.swift */ = {isa = PBXFileReference; lastKnownFileType = sourcecode.swift; path = ScreenNames.swift; sourceTree = "<group>"; };
		D63E6D292A34077C00CF201F /* HomeView.swift */ = {isa = PBXFileReference; lastKnownFileType = sourcecode.swift; path = HomeView.swift; sourceTree = "<group>"; };
		D63E6D2D2A3407C100CF201F /* PreparationView.swift */ = {isa = PBXFileReference; lastKnownFileType = sourcecode.swift; path = PreparationView.swift; sourceTree = "<group>"; };
		D63E6D2F2A3407D500CF201F /* QuestionView.swift */ = {isa = PBXFileReference; lastKnownFileType = sourcecode.swift; path = QuestionView.swift; sourceTree = "<group>"; };
		D63E6D312A3407E300CF201F /* EndView.swift */ = {isa = PBXFileReference; lastKnownFileType = sourcecode.swift; path = EndView.swift; sourceTree = "<group>"; };
		D63E6D362A3421AF00CF201F /* QuestionViewModel.swift */ = {isa = PBXFileReference; lastKnownFileType = sourcecode.swift; path = QuestionViewModel.swift; sourceTree = "<group>"; };
		D63E6D382A343E8A00CF201F /* CustomModifiers.swift */ = {isa = PBXFileReference; lastKnownFileType = sourcecode.swift; path = CustomModifiers.swift; sourceTree = "<group>"; };
		D63E6D3E2A374A0500CF201F /* Global.swift */ = {isa = PBXFileReference; lastKnownFileType = sourcecode.swift; path = Global.swift; sourceTree = "<group>"; };
/* End PBXFileReference section */

/* Begin PBXFrameworksBuildPhase section */
		D63E6CF72A33FDEF00CF201F /* Frameworks */ = {
			isa = PBXFrameworksBuildPhase;
			buildActionMask = 2147483647;
			files = (
			);
			runOnlyForDeploymentPostprocessing = 0;
		};
		D63E6D072A33FDF000CF201F /* Frameworks */ = {
			isa = PBXFrameworksBuildPhase;
			buildActionMask = 2147483647;
			files = (
			);
			runOnlyForDeploymentPostprocessing = 0;
		};
		D63E6D112A33FDF000CF201F /* Frameworks */ = {
			isa = PBXFrameworksBuildPhase;
			buildActionMask = 2147483647;
			files = (
			);
			runOnlyForDeploymentPostprocessing = 0;
		};
/* End PBXFrameworksBuildPhase section */

/* Begin PBXGroup section */
		D63E6CF12A33FDEF00CF201F = {
			isa = PBXGroup;
			children = (
				D63E6CFC2A33FDEF00CF201F /* LayoutPracticeApp */,
				D63E6D0D2A33FDF000CF201F /* LayoutPracticeAppTests */,
				D63E6D172A33FDF000CF201F /* LayoutPracticeAppUITests */,
				D63E6CFB2A33FDEF00CF201F /* Products */,
			);
			sourceTree = "<group>";
		};
		D63E6CFB2A33FDEF00CF201F /* Products */ = {
			isa = PBXGroup;
			children = (
				D63E6CFA2A33FDEF00CF201F /* LayoutPracticeApp.app */,
				D63E6D0A2A33FDF000CF201F /* LayoutPracticeAppTests.xctest */,
				D63E6D142A33FDF000CF201F /* LayoutPracticeAppUITests.xctest */,
			);
			name = Products;
			sourceTree = "<group>";
		};
		D63E6CFC2A33FDEF00CF201F /* LayoutPracticeApp */ = {
			isa = PBXGroup;
			children = (
				D63E6CFD2A33FDEF00CF201F /* LayoutPracticeAppApp.swift */,
				D63E6D3E2A374A0500CF201F /* Global.swift */,
				D63E6D012A33FDF000CF201F /* Assets.xcassets */,
				D63E6D332A34214700CF201F /* Model */,
				D63E6D342A34214F00CF201F /* View */,
				D63E6D352A34218E00CF201F /* ViewModel */,
				D63E6D032A33FDF000CF201F /* Preview Content */,
			);
			path = LayoutPracticeApp;
			sourceTree = "<group>";
		};
		D63E6D032A33FDF000CF201F /* Preview Content */ = {
			isa = PBXGroup;
			children = (
				D63E6D042A33FDF000CF201F /* Preview Assets.xcassets */,
			);
			path = "Preview Content";
			sourceTree = "<group>";
		};
		D63E6D0D2A33FDF000CF201F /* LayoutPracticeAppTests */ = {
			isa = PBXGroup;
			children = (
				D63E6D0E2A33FDF000CF201F /* LayoutPracticeAppTests.swift */,
			);
			path = LayoutPracticeAppTests;
			sourceTree = "<group>";
		};
		D63E6D172A33FDF000CF201F /* LayoutPracticeAppUITests */ = {
			isa = PBXGroup;
			children = (
				D63E6D182A33FDF000CF201F /* LayoutPracticeAppUITests.swift */,
				D63E6D1A2A33FDF000CF201F /* LayoutPracticeAppUITestsLaunchTests.swift */,
			);
			path = LayoutPracticeAppUITests;
			sourceTree = "<group>";
		};
		D63E6D332A34214700CF201F /* Model */ = {
			isa = PBXGroup;
			children = (
				D63E6D272A34064F00CF201F /* ScreenNames.swift */,
				D63E6D382A343E8A00CF201F /* CustomModifiers.swift */,
			);
			path = Model;
			sourceTree = "<group>";
		};
		D63E6D342A34214F00CF201F /* View */ = {
			isa = PBXGroup;
			children = (
				D63E6CFF2A33FDEF00CF201F /* ContentView.swift */,
				D63E6D292A34077C00CF201F /* HomeView.swift */,
				D63E6D2D2A3407C100CF201F /* PreparationView.swift */,
				D63E6D2F2A3407D500CF201F /* QuestionView.swift */,
				D63E6D312A3407E300CF201F /* EndView.swift */,
			);
			path = View;
			sourceTree = "<group>";
		};
		D63E6D352A34218E00CF201F /* ViewModel */ = {
			isa = PBXGroup;
			children = (
				D63E6D362A3421AF00CF201F /* QuestionViewModel.swift */,
			);
			path = ViewModel;
			sourceTree = "<group>";
		};
/* End PBXGroup section */

/* Begin PBXNativeTarget section */
		D63E6CF92A33FDEF00CF201F /* LayoutPracticeApp */ = {
			isa = PBXNativeTarget;
			buildConfigurationList = D63E6D1E2A33FDF000CF201F /* Build configuration list for PBXNativeTarget "LayoutPracticeApp" */;
			buildPhases = (
				D63E6CF62A33FDEF00CF201F /* Sources */,
				D63E6CF72A33FDEF00CF201F /* Frameworks */,
				D63E6CF82A33FDEF00CF201F /* Resources */,
			);
			buildRules = (
			);
			dependencies = (
			);
			name = LayoutPracticeApp;
			productName = LayoutPracticeApp;
			productReference = D63E6CFA2A33FDEF00CF201F /* LayoutPracticeApp.app */;
			productType = "com.apple.product-type.application";
		};
		D63E6D092A33FDF000CF201F /* LayoutPracticeAppTests */ = {
			isa = PBXNativeTarget;
			buildConfigurationList = D63E6D212A33FDF000CF201F /* Build configuration list for PBXNativeTarget "LayoutPracticeAppTests" */;
			buildPhases = (
				D63E6D062A33FDF000CF201F /* Sources */,
				D63E6D072A33FDF000CF201F /* Frameworks */,
				D63E6D082A33FDF000CF201F /* Resources */,
			);
			buildRules = (
			);
			dependencies = (
				D63E6D0C2A33FDF000CF201F /* PBXTargetDependency */,
			);
			name = LayoutPracticeAppTests;
			productName = LayoutPracticeAppTests;
			productReference = D63E6D0A2A33FDF000CF201F /* LayoutPracticeAppTests.xctest */;
			productType = "com.apple.product-type.bundle.unit-test";
		};
		D63E6D132A33FDF000CF201F /* LayoutPracticeAppUITests */ = {
			isa = PBXNativeTarget;
			buildConfigurationList = D63E6D242A33FDF000CF201F /* Build configuration list for PBXNativeTarget "LayoutPracticeAppUITests" */;
			buildPhases = (
				D63E6D102A33FDF000CF201F /* Sources */,
				D63E6D112A33FDF000CF201F /* Frameworks */,
				D63E6D122A33FDF000CF201F /* Resources */,
			);
			buildRules = (
			);
			dependencies = (
				D63E6D162A33FDF000CF201F /* PBXTargetDependency */,
			);
			name = LayoutPracticeAppUITests;
			productName = LayoutPracticeAppUITests;
			productReference = D63E6D142A33FDF000CF201F /* LayoutPracticeAppUITests.xctest */;
			productType = "com.apple.product-type.bundle.ui-testing";
		};
/* End PBXNativeTarget section */

/* Begin PBXProject section */
		D63E6CF22A33FDEF00CF201F /* Project object */ = {
			isa = PBXProject;
			attributes = {
				BuildIndependentTargetsInParallel = 1;
				LastSwiftUpdateCheck = 1430;
				LastUpgradeCheck = 1430;
				TargetAttributes = {
					D63E6CF92A33FDEF00CF201F = {
						CreatedOnToolsVersion = 14.3.1;
					};
					D63E6D092A33FDF000CF201F = {
						CreatedOnToolsVersion = 14.3.1;
						TestTargetID = D63E6CF92A33FDEF00CF201F;
					};
					D63E6D132A33FDF000CF201F = {
						CreatedOnToolsVersion = 14.3.1;
						TestTargetID = D63E6CF92A33FDEF00CF201F;
					};
				};
			};
			buildConfigurationList = D63E6CF52A33FDEF00CF201F /* Build configuration list for PBXProject "LayoutPracticeApp" */;
			compatibilityVersion = "Xcode 14.0";
			developmentRegion = en;
			hasScannedForEncodings = 0;
			knownRegions = (
				en,
				Base,
			);
			mainGroup = D63E6CF12A33FDEF00CF201F;
			productRefGroup = D63E6CFB2A33FDEF00CF201F /* Products */;
			projectDirPath = "";
			projectRoot = "";
			targets = (
				D63E6CF92A33FDEF00CF201F /* LayoutPracticeApp */,
				D63E6D092A33FDF000CF201F /* LayoutPracticeAppTests */,
				D63E6D132A33FDF000CF201F /* LayoutPracticeAppUITests */,
			);
		};
/* End PBXProject section */

/* Begin PBXResourcesBuildPhase section */
		D63E6CF82A33FDEF00CF201F /* Resources */ = {
			isa = PBXResourcesBuildPhase;
			buildActionMask = 2147483647;
			files = (
				D63E6D052A33FDF000CF201F /* Preview Assets.xcassets in Resources */,
				D63E6D022A33FDF000CF201F /* Assets.xcassets in Resources */,
			);
			runOnlyForDeploymentPostprocessing = 0;
		};
		D63E6D082A33FDF000CF201F /* Resources */ = {
			isa = PBXResourcesBuildPhase;
			buildActionMask = 2147483647;
			files = (
			);
			runOnlyForDeploymentPostprocessing = 0;
		};
		D63E6D122A33FDF000CF201F /* Resources */ = {
			isa = PBXResourcesBuildPhase;
			buildActionMask = 2147483647;
			files = (
			);
			runOnlyForDeploymentPostprocessing = 0;
		};
/* End PBXResourcesBuildPhase section */

/* Begin PBXSourcesBuildPhase section */
		D63E6CF62A33FDEF00CF201F /* Sources */ = {
			isa = PBXSourcesBuildPhase;
			buildActionMask = 2147483647;
			files = (
				D63E6D2E2A3407C100CF201F /* PreparationView.swift in Sources */,
				D63E6D282A34064F00CF201F /* ScreenNames.swift in Sources */,
				D63E6D322A3407E300CF201F /* EndView.swift in Sources */,
				D63E6D2A2A34077C00CF201F /* HomeView.swift in Sources */,
				D63E6D302A3407D500CF201F /* QuestionView.swift in Sources */,
				D63E6D002A33FDEF00CF201F /* ContentView.swift in Sources */,
				D63E6D392A343E8A00CF201F /* CustomModifiers.swift in Sources */,
				D63E6D372A3421AF00CF201F /* QuestionViewModel.swift in Sources */,
				D63E6D3F2A374A0500CF201F /* Global.swift in Sources */,
				D63E6CFE2A33FDEF00CF201F /* LayoutPracticeAppApp.swift in Sources */,
			);
			runOnlyForDeploymentPostprocessing = 0;
		};
		D63E6D062A33FDF000CF201F /* Sources */ = {
			isa = PBXSourcesBuildPhase;
			buildActionMask = 2147483647;
			files = (
				D63E6D0F2A33FDF000CF201F /* LayoutPracticeAppTests.swift in Sources */,
			);
			runOnlyForDeploymentPostprocessing = 0;
		};
		D63E6D102A33FDF000CF201F /* Sources */ = {
			isa = PBXSourcesBuildPhase;
			buildActionMask = 2147483647;
			files = (
				D63E6D192A33FDF000CF201F /* LayoutPracticeAppUITests.swift in Sources */,
				D63E6D1B2A33FDF000CF201F /* LayoutPracticeAppUITestsLaunchTests.swift in Sources */,
			);
			runOnlyForDeploymentPostprocessing = 0;
		};
/* End PBXSourcesBuildPhase section */

/* Begin PBXTargetDependency section */
		D63E6D0C2A33FDF000CF201F /* PBXTargetDependency */ = {
			isa = PBXTargetDependency;
			target = D63E6CF92A33FDEF00CF201F /* LayoutPracticeApp */;
			targetProxy = D63E6D0B2A33FDF000CF201F /* PBXContainerItemProxy */;
		};
		D63E6D162A33FDF000CF201F /* PBXTargetDependency */ = {
			isa = PBXTargetDependency;
			target = D63E6CF92A33FDEF00CF201F /* LayoutPracticeApp */;
			targetProxy = D63E6D152A33FDF000CF201F /* PBXContainerItemProxy */;
		};
/* End PBXTargetDependency section */

/* Begin XCBuildConfiguration section */
		D63E6D1C2A33FDF000CF201F /* Debug */ = {
			isa = XCBuildConfiguration;
			buildSettings = {
				ALWAYS_SEARCH_USER_PATHS = NO;
				CLANG_ANALYZER_NONNULL = YES;
				CLANG_ANALYZER_NUMBER_OBJECT_CONVERSION = YES_AGGRESSIVE;
				CLANG_CXX_LANGUAGE_STANDARD = "gnu++20";
				CLANG_ENABLE_MODULES = YES;
				CLANG_ENABLE_OBJC_ARC = YES;
				CLANG_ENABLE_OBJC_WEAK = YES;
				CLANG_WARN_BLOCK_CAPTURE_AUTORELEASING = YES;
				CLANG_WARN_BOOL_CONVERSION = YES;
				CLANG_WARN_COMMA = YES;
				CLANG_WARN_CONSTANT_CONVERSION = YES;
				CLANG_WARN_DEPRECATED_OBJC_IMPLEMENTATIONS = YES;
				CLANG_WARN_DIRECT_OBJC_ISA_USAGE = YES_ERROR;
				CLANG_WARN_DOCUMENTATION_COMMENTS = YES;
				CLANG_WARN_EMPTY_BODY = YES;
				CLANG_WARN_ENUM_CONVERSION = YES;
				CLANG_WARN_INFINITE_RECURSION = YES;
				CLANG_WARN_INT_CONVERSION = YES;
				CLANG_WARN_NON_LITERAL_NULL_CONVERSION = YES;
				CLANG_WARN_OBJC_IMPLICIT_RETAIN_SELF = YES;
				CLANG_WARN_OBJC_LITERAL_CONVERSION = YES;
				CLANG_WARN_OBJC_ROOT_CLASS = YES_ERROR;
				CLANG_WARN_QUOTED_INCLUDE_IN_FRAMEWORK_HEADER = YES;
				CLANG_WARN_RANGE_LOOP_ANALYSIS = YES;
				CLANG_WARN_STRICT_PROTOTYPES = YES;
				CLANG_WARN_SUSPICIOUS_MOVE = YES;
				CLANG_WARN_UNGUARDED_AVAILABILITY = YES_AGGRESSIVE;
				CLANG_WARN_UNREACHABLE_CODE = YES;
				CLANG_WARN__DUPLICATE_METHOD_MATCH = YES;
				COPY_PHASE_STRIP = NO;
				DEBUG_INFORMATION_FORMAT = dwarf;
				ENABLE_STRICT_OBJC_MSGSEND = YES;
				ENABLE_TESTABILITY = YES;
				GCC_C_LANGUAGE_STANDARD = gnu11;
				GCC_DYNAMIC_NO_PIC = NO;
				GCC_NO_COMMON_BLOCKS = YES;
				GCC_OPTIMIZATION_LEVEL = 0;
				GCC_PREPROCESSOR_DEFINITIONS = (
					"DEBUG=1",
					"$(inherited)",
				);
				GCC_WARN_64_TO_32_BIT_CONVERSION = YES;
				GCC_WARN_ABOUT_RETURN_TYPE = YES_ERROR;
				GCC_WARN_UNDECLARED_SELECTOR = YES;
				GCC_WARN_UNINITIALIZED_AUTOS = YES_AGGRESSIVE;
				GCC_WARN_UNUSED_FUNCTION = YES;
				GCC_WARN_UNUSED_VARIABLE = YES;
				IPHONEOS_DEPLOYMENT_TARGET = 16.4;
				MTL_ENABLE_DEBUG_INFO = INCLUDE_SOURCE;
				MTL_FAST_MATH = YES;
				ONLY_ACTIVE_ARCH = YES;
				SDKROOT = iphoneos;
				SWIFT_ACTIVE_COMPILATION_CONDITIONS = DEBUG;
				SWIFT_OPTIMIZATION_LEVEL = "-Onone";
			};
			name = Debug;
		};
		D63E6D1D2A33FDF000CF201F /* Release */ = {
			isa = XCBuildConfiguration;
			buildSettings = {
				ALWAYS_SEARCH_USER_PATHS = NO;
				CLANG_ANALYZER_NONNULL = YES;
				CLANG_ANALYZER_NUMBER_OBJECT_CONVERSION = YES_AGGRESSIVE;
				CLANG_CXX_LANGUAGE_STANDARD = "gnu++20";
				CLANG_ENABLE_MODULES = YES;
				CLANG_ENABLE_OBJC_ARC = YES;
				CLANG_ENABLE_OBJC_WEAK = YES;
				CLANG_WARN_BLOCK_CAPTURE_AUTORELEASING = YES;
				CLANG_WARN_BOOL_CONVERSION = YES;
				CLANG_WARN_COMMA = YES;
				CLANG_WARN_CONSTANT_CONVERSION = YES;
				CLANG_WARN_DEPRECATED_OBJC_IMPLEMENTATIONS = YES;
				CLANG_WARN_DIRECT_OBJC_ISA_USAGE = YES_ERROR;
				CLANG_WARN_DOCUMENTATION_COMMENTS = YES;
				CLANG_WARN_EMPTY_BODY = YES;
				CLANG_WARN_ENUM_CONVERSION = YES;
				CLANG_WARN_INFINITE_RECURSION = YES;
				CLANG_WARN_INT_CONVERSION = YES;
				CLANG_WARN_NON_LITERAL_NULL_CONVERSION = YES;
				CLANG_WARN_OBJC_IMPLICIT_RETAIN_SELF = YES;
				CLANG_WARN_OBJC_LITERAL_CONVERSION = YES;
				CLANG_WARN_OBJC_ROOT_CLASS = YES_ERROR;
				CLANG_WARN_QUOTED_INCLUDE_IN_FRAMEWORK_HEADER = YES;
				CLANG_WARN_RANGE_LOOP_ANALYSIS = YES;
				CLANG_WARN_STRICT_PROTOTYPES = YES;
				CLANG_WARN_SUSPICIOUS_MOVE = YES;
				CLANG_WARN_UNGUARDED_AVAILABILITY = YES_AGGRESSIVE;
				CLANG_WARN_UNREACHABLE_CODE = YES;
				CLANG_WARN__DUPLICATE_METHOD_MATCH = YES;
				COPY_PHASE_STRIP = NO;
				DEBUG_INFORMATION_FORMAT = "dwarf-with-dsym";
				ENABLE_NS_ASSERTIONS = NO;
				ENABLE_STRICT_OBJC_MSGSEND = YES;
				GCC_C_LANGUAGE_STANDARD = gnu11;
				GCC_NO_COMMON_BLOCKS = YES;
				GCC_WARN_64_TO_32_BIT_CONVERSION = YES;
				GCC_WARN_ABOUT_RETURN_TYPE = YES_ERROR;
				GCC_WARN_UNDECLARED_SELECTOR = YES;
				GCC_WARN_UNINITIALIZED_AUTOS = YES_AGGRESSIVE;
				GCC_WARN_UNUSED_FUNCTION = YES;
				GCC_WARN_UNUSED_VARIABLE = YES;
				IPHONEOS_DEPLOYMENT_TARGET = 16.4;
				MTL_ENABLE_DEBUG_INFO = NO;
				MTL_FAST_MATH = YES;
				SDKROOT = iphoneos;
				SWIFT_COMPILATION_MODE = wholemodule;
				SWIFT_OPTIMIZATION_LEVEL = "-O";
				VALIDATE_PRODUCT = YES;
			};
			name = Release;
		};
		D63E6D1F2A33FDF000CF201F /* Debug */ = {
			isa = XCBuildConfiguration;
			buildSettings = {
				ASSETCATALOG_COMPILER_APPICON_NAME = AppIcon;
				ASSETCATALOG_COMPILER_GLOBAL_ACCENT_COLOR_NAME = AccentColor;
				CODE_SIGN_STYLE = Automatic;
				CURRENT_PROJECT_VERSION = 1;
				DEVELOPMENT_ASSET_PATHS = "\"LayoutPracticeApp/Preview Content\"";
				DEVELOPMENT_TEAM = HF42G63PQY;
				ENABLE_PREVIEWS = YES;
				GENERATE_INFOPLIST_FILE = YES;
				INFOPLIST_KEY_UIApplicationSceneManifest_Generation = YES;
				INFOPLIST_KEY_UIApplicationSupportsIndirectInputEvents = YES;
				INFOPLIST_KEY_UILaunchScreen_Generation = YES;
				INFOPLIST_KEY_UISupportedInterfaceOrientations = "UIInterfaceOrientationPortrait UIInterfaceOrientationPortraitUpsideDown";
				INFOPLIST_KEY_UISupportedInterfaceOrientations_iPad = "UIInterfaceOrientationLandscapeLeft UIInterfaceOrientationLandscapeRight UIInterfaceOrientationPortrait UIInterfaceOrientationPortraitUpsideDown";
				LD_RUNPATH_SEARCH_PATHS = (
					"$(inherited)",
					"@executable_path/Frameworks",
				);
				MARKETING_VERSION = 1.0;
				PRODUCT_BUNDLE_IDENTIFIER = com.ribereo.minami.LayoutPracticeApp;
				PRODUCT_NAME = "$(TARGET_NAME)";
				SWIFT_EMIT_LOC_STRINGS = YES;
				SWIFT_VERSION = 5.0;
				TARGETED_DEVICE_FAMILY = "1,2";
			};
			name = Debug;
		};
		D63E6D202A33FDF000CF201F /* Release */ = {
			isa = XCBuildConfiguration;
			buildSettings = {
				ASSETCATALOG_COMPILER_APPICON_NAME = AppIcon;
				ASSETCATALOG_COMPILER_GLOBAL_ACCENT_COLOR_NAME = AccentColor;
				CODE_SIGN_STYLE = Automatic;
				CURRENT_PROJECT_VERSION = 1;
				DEVELOPMENT_ASSET_PATHS = "\"LayoutPracticeApp/Preview Content\"";
				DEVELOPMENT_TEAM = HF42G63PQY;
				ENABLE_PREVIEWS = YES;
				GENERATE_INFOPLIST_FILE = YES;
				INFOPLIST_KEY_UIApplicationSceneManifest_Generation = YES;
				INFOPLIST_KEY_UIApplicationSupportsIndirectInputEvents = YES;
				INFOPLIST_KEY_UILaunchScreen_Generation = YES;
				INFOPLIST_KEY_UISupportedInterfaceOrientations = "UIInterfaceOrientationPortrait UIInterfaceOrientationPortraitUpsideDown";
				INFOPLIST_KEY_UISupportedInterfaceOrientations_iPad = "UIInterfaceOrientationLandscapeLeft UIInterfaceOrientationLandscapeRight UIInterfaceOrientationPortrait UIInterfaceOrientationPortraitUpsideDown";
				LD_RUNPATH_SEARCH_PATHS = (
					"$(inherited)",
					"@executable_path/Frameworks",
				);
				MARKETING_VERSION = 1.0;
				PRODUCT_BUNDLE_IDENTIFIER = com.ribereo.minami.LayoutPracticeApp;
				PRODUCT_NAME = "$(TARGET_NAME)";
				SWIFT_EMIT_LOC_STRINGS = YES;
				SWIFT_VERSION = 5.0;
				TARGETED_DEVICE_FAMILY = "1,2";
			};
			name = Release;
		};
		D63E6D222A33FDF000CF201F /* Debug */ = {
			isa = XCBuildConfiguration;
			buildSettings = {
				ALWAYS_EMBED_SWIFT_STANDARD_LIBRARIES = YES;
				BUNDLE_LOADER = "$(TEST_HOST)";
				CODE_SIGN_STYLE = Automatic;
				CURRENT_PROJECT_VERSION = 1;
				DEVELOPMENT_TEAM = HF42G63PQY;
				GENERATE_INFOPLIST_FILE = YES;
				IPHONEOS_DEPLOYMENT_TARGET = 16.4;
				MARKETING_VERSION = 1.0;
				PRODUCT_BUNDLE_IDENTIFIER = com.ribereo.minami.LayoutPracticeAppTests;
				PRODUCT_NAME = "$(TARGET_NAME)";
				SWIFT_EMIT_LOC_STRINGS = NO;
				SWIFT_VERSION = 5.0;
				TARGETED_DEVICE_FAMILY = "1,2";
				TEST_HOST = "$(BUILT_PRODUCTS_DIR)/LayoutPracticeApp.app/$(BUNDLE_EXECUTABLE_FOLDER_PATH)/LayoutPracticeApp";
			};
			name = Debug;
		};
		D63E6D232A33FDF000CF201F /* Release */ = {
			isa = XCBuildConfiguration;
			buildSettings = {
				ALWAYS_EMBED_SWIFT_STANDARD_LIBRARIES = YES;
				BUNDLE_LOADER = "$(TEST_HOST)";
				CODE_SIGN_STYLE = Automatic;
				CURRENT_PROJECT_VERSION = 1;
				DEVELOPMENT_TEAM = HF42G63PQY;
				GENERATE_INFOPLIST_FILE = YES;
				IPHONEOS_DEPLOYMENT_TARGET = 16.4;
				MARKETING_VERSION = 1.0;
				PRODUCT_BUNDLE_IDENTIFIER = com.ribereo.minami.LayoutPracticeAppTests;
				PRODUCT_NAME = "$(TARGET_NAME)";
				SWIFT_EMIT_LOC_STRINGS = NO;
				SWIFT_VERSION = 5.0;
				TARGETED_DEVICE_FAMILY = "1,2";
				TEST_HOST = "$(BUILT_PRODUCTS_DIR)/LayoutPracticeApp.app/$(BUNDLE_EXECUTABLE_FOLDER_PATH)/LayoutPracticeApp";
			};
			name = Release;
		};
		D63E6D252A33FDF000CF201F /* Debug */ = {
			isa = XCBuildConfiguration;
			buildSettings = {
				ALWAYS_EMBED_SWIFT_STANDARD_LIBRARIES = YES;
				CODE_SIGN_STYLE = Automatic;
				CURRENT_PROJECT_VERSION = 1;
				DEVELOPMENT_TEAM = HF42G63PQY;
				GENERATE_INFOPLIST_FILE = YES;
				MARKETING_VERSION = 1.0;
				PRODUCT_BUNDLE_IDENTIFIER = com.ribereo.minami.LayoutPracticeAppUITests;
				PRODUCT_NAME = "$(TARGET_NAME)";
				SWIFT_EMIT_LOC_STRINGS = NO;
				SWIFT_VERSION = 5.0;
				TARGETED_DEVICE_FAMILY = "1,2";
				TEST_TARGET_NAME = LayoutPracticeApp;
			};
			name = Debug;
		};
		D63E6D262A33FDF000CF201F /* Release */ = {
			isa = XCBuildConfiguration;
			buildSettings = {
				ALWAYS_EMBED_SWIFT_STANDARD_LIBRARIES = YES;
				CODE_SIGN_STYLE = Automatic;
				CURRENT_PROJECT_VERSION = 1;
				DEVELOPMENT_TEAM = HF42G63PQY;
				GENERATE_INFOPLIST_FILE = YES;
				MARKETING_VERSION = 1.0;
				PRODUCT_BUNDLE_IDENTIFIER = com.ribereo.minami.LayoutPracticeAppUITests;
				PRODUCT_NAME = "$(TARGET_NAME)";
				SWIFT_EMIT_LOC_STRINGS = NO;
				SWIFT_VERSION = 5.0;
				TARGETED_DEVICE_FAMILY = "1,2";
				TEST_TARGET_NAME = LayoutPracticeApp;
			};
			name = Release;
		};
/* End XCBuildConfiguration section */

/* Begin XCConfigurationList section */
		D63E6CF52A33FDEF00CF201F /* Build configuration list for PBXProject "LayoutPracticeApp" */ = {
			isa = XCConfigurationList;
			buildConfigurations = (
				D63E6D1C2A33FDF000CF201F /* Debug */,
				D63E6D1D2A33FDF000CF201F /* Release */,
			);
			defaultConfigurationIsVisible = 0;
			defaultConfigurationName = Release;
		};
		D63E6D1E2A33FDF000CF201F /* Build configuration list for PBXNativeTarget "LayoutPracticeApp" */ = {
			isa = XCConfigurationList;
			buildConfigurations = (
				D63E6D1F2A33FDF000CF201F /* Debug */,
				D63E6D202A33FDF000CF201F /* Release */,
			);
			defaultConfigurationIsVisible = 0;
			defaultConfigurationName = Release;
		};
		D63E6D212A33FDF000CF201F /* Build configuration list for PBXNativeTarget "LayoutPracticeAppTests" */ = {
			isa = XCConfigurationList;
			buildConfigurations = (
				D63E6D222A33FDF000CF201F /* Debug */,
				D63E6D232A33FDF000CF201F /* Release */,
			);
			defaultConfigurationIsVisible = 0;
			defaultConfigurationName = Release;
		};
		D63E6D242A33FDF000CF201F /* Build configuration list for PBXNativeTarget "LayoutPracticeAppUITests" */ = {
			isa = XCConfigurationList;
			buildConfigurations = (
				D63E6D252A33FDF000CF201F /* Debug */,
				D63E6D262A33FDF000CF201F /* Release */,
			);
			defaultConfigurationIsVisible = 0;
			defaultConfigurationName = Release;
		};
/* End XCConfigurationList section */
	};
	rootObject = D63E6CF22A33FDEF00CF201F /* Project object */;
}
